{
  "name": "vue-app",
  "version": "1.0.0",
  "lockfileVersion": 1,
  "requires": true,
  "dependencies": {
    "vue-hot-reload-api": {
      "version": "2.2.0",
      "resolved": "https://registry.npmjs.org/vue-hot-reload-api/-/vue-hot-reload-api-2.2.0.tgz",
      "integrity": "sha512-Hn0jdFiNfNx4+Nxz1vokYUsP3mwpn9r/XomLrXA+KafYaiR7LNQG1fxtpVklD4KxD5GluXRiSoWNDf0H9BdsJw==",
      "dev": true
    }
  }
}
